Microsoft Visual Studio Solution File, Format Version 9.00
# Visual Studio 2005
Project("{8BC9CEB8-8B4A-11D0-8D11-00A0C91BC942}") = "JDFWrapperLib", "JDFWrapperLib.vcproj", "{766A96F7-A4F7-45C1-BE16-AC8F96748B33}"
EndProject
Project("{8BC9CEB8-8B4A-11D0-8D11-00A0C91BC942}") = "JDFToolsLib", "JDFToolsLib.vcproj", "{97EAFFBD-4EBF-41E6-B909-B2EF62C24873}"
EndProject
Project("{8BC9CEB8-8B4A-11D0-8D11-00A0C91BC942}") = "JDFWrapperCoreLib", "JDFWrapperCoreLib.vcproj", "{DF055C8C-CE2F-4DE8-A518-EFD111BD7299}"
EndProject
Global
	GlobalSection(SolutionConfigurationPlatforms) = preSolution
		Debug DLL|Win32 = Debug DLL|Win32
		Debug|Win32 = Debug|Win32
		Release DLL|Win32 = Release DLL|Win32
		Release|Win32 = Release|Win32
	EndGlobalSection
	GlobalSection(ProjectConfigurationPlatforms) = postSolution
		{766A96F7-A4F7-45C1-BE16-AC8F96748B33}.Debug DLL|Win32.ActiveCfg = Debug DLL|Win32
		{766A96F7-A4F7-45C1-BE16-AC8F96748B33}.Debug DLL|Win32.Build.0 = Debug DLL|Win32
		{766A96F7-A4F7-45C1-BE16-AC8F96748B33}.Debug|Win32.ActiveCfg = Debug|Win32
		{766A96F7-A4F7-45C1-BE16-AC8F96748B33}.Debug|Win32.Build.0 = Debug|Win32
		{766A96F7-A4F7-45C1-BE16-AC8F96748B33}.Release DLL|Win32.ActiveCfg = Release DLL|Win32
		{766A96F7-A4F7-45C1-BE16-AC8F96748B33}.Release DLL|Win32.Build.0 = Release DLL|Win32
		{766A96F7-A4F7-45C1-BE16-AC8F96748B33}.Release|Win32.ActiveCfg = Release|Win32
		{766A96F7-A4F7-45C1-BE16-AC8F96748B33}.Release|Win32.Build.0 = Release|Win32
		{97EAFFBD-4EBF-41E6-B909-B2EF62C24873}.Debug DLL|Win32.ActiveCfg = Debug DLL|Win32
		{97EAFFBD-4EBF-41E6-B909-B2EF62C24873}.Debug DLL|Win32.Build.0 = Debug DLL|Win32
		{97EAFFBD-4EBF-41E6-B909-B2EF62C24873}.Debug|Win32.ActiveCfg = Debug|Win32
		{97EAFFBD-4EBF-41E6-B909-B2EF62C24873}.Debug|Win32.Build.0 = Debug|Win32
		{97EAFFBD-4EBF-41E6-B909-B2EF62C24873}.Release DLL|Win32.ActiveCfg = Release DLL|Win32
		{97EAFFBD-4EBF-41E6-B909-B2EF62C24873}.Release DLL|Win32.Build.0 = Release DLL|Win32
		{97EAFFBD-4EBF-41E6-B909-B2EF62C24873}.Release|Win32.ActiveCfg = Release|Win32
		{97EAFFBD-4EBF-41E6-B909-B2EF62C24873}.Release|Win32.Build.0 = Release|Win32
		{DF055C8C-CE2F-4DE8-A518-EFD111BD7299}.Debug DLL|Win32.ActiveCfg = Debug DLL|Win32
		{DF055C8C-CE2F-4DE8-A518-EFD111BD7299}.Debug DLL|Win32.Build.0 = Debug DLL|Win32
		{DF055C8C-CE2F-4DE8-A518-EFD111BD7299}.Debug|Win32.ActiveCfg = Debug|Win32
		{DF055C8C-CE2F-4DE8-A518-EFD111BD7299}.Debug|Win32.Build.0 = Debug|Win32
		{DF055C8C-CE2F-4DE8-A518-EFD111BD7299}.Release DLL|Win32.ActiveCfg = Release DLL|Win32
		{DF055C8C-CE2F-4DE8-A518-EFD111BD7299}.Release DLL|Win32.Build.0 = Release DLL|Win32
		{DF055C8C-CE2F-4DE8-A518-EFD111BD7299}.Release|Win32.ActiveCfg = Release|Win32
		{DF055C8C-CE2F-4DE8-A518-EFD111BD7299}.Release|Win32.Build.0 = Release|Win32
	EndGlobalSection
	GlobalSection(SolutionProperties) = preSolution
		HideSolutionNode = FALSE
	EndGlobalSection
EndGlobal
