Microsoft Visual Studio Solution File, Format Version 9.00
# Visual Studio 2005
Project("{8BC9CEB8-8B4A-11D0-8D11-00A0C91BC942}") = "AddJDF", "TestWrapper\AddJDF.vcproj", "{FABA807F-8934-4AF5-AE8F-AEB5604775D9}"
EndProject
Project("{8BC9CEB8-8B4A-11D0-8D11-00A0C91BC942}") = "BookJDF", "TestWrapper\BookJDF.vcproj", "{64F0F0E3-A866-45F5-B53C-42F545DC058F}"
EndProject
Project("{8BC9CEB8-8B4A-11D0-8D11-00A0C91BC942}") = "CheckJDF", "TestWrapper\CheckJDF.vcproj", "{716A6940-4070-4E7A-82BD-C3E89D9866FE}"
EndProject
Project("{8BC9CEB8-8B4A-11D0-8D11-00A0C91BC942}") = "EatJDF", "TestWrapper\EatJDF.vcproj", "{0E4CF2F5-BB7A-4603-ADF4-A6E335B3111B}"
EndProject
Project("{8BC9CEB8-8B4A-11D0-8D11-00A0C91BC942}") = "JDFExample", "TestWrapper\JDFExample.vcproj", "{00659D2C-2D7B-4AC3-A279-D2EE06416D16}"
EndProject
Project("{8BC9CEB8-8B4A-11D0-8D11-00A0C91BC942}") = "JDFMessenger", "TestWrapper\JDFMessenger.vcproj", "{1F4AB20C-FE32-4CC8-89B9-86D4B19E3CA5}"
EndProject
Project("{8BC9CEB8-8B4A-11D0-8D11-00A0C91BC942}") = "JDFSchema", "TestWrapper\JDFSchema.vcproj", "{3F8BCF62-585F-4913-AD81-876F3430DBD4}"
EndProject
Project("{8BC9CEB8-8B4A-11D0-8D11-00A0C91BC942}") = "MergeJDF", "TestWrapper\MergeJDF.vcproj", "{B39ECC73-2B24-4366-B9A7-0709BCFB6551}"
EndProject
Project("{8BC9CEB8-8B4A-11D0-8D11-00A0C91BC942}") = "SpawnJDF", "TestWrapper\SpawnJDF.vcproj", "{26899314-3F62-4C37-BE23-23A8BF1CF33D}"
EndProject
Project("{8BC9CEB8-8B4A-11D0-8D11-00A0C91BC942}") = "SpecJDF", "TestWrapper\SpecJDF.vcproj", "{6B30CBA5-2430-4491-A1E8-B28A83192119}"
EndProject
Project("{8BC9CEB8-8B4A-11D0-8D11-00A0C91BC942}") = "TestJDFState", "TestWrapper\TestJDFState.vcproj", "{B9EE35C7-FC06-48F1-B5EF-6A61914CE502}"
EndProject
Project("{8BC9CEB8-8B4A-11D0-8D11-00A0C91BC942}") = "TestThreads", "TestWrapper\TestThreads.vcproj", "{BEE0C254-3BB7-47A0-81A4-DA714C3DA2A6}"
EndProject
Project("{8BC9CEB8-8B4A-11D0-8D11-00A0C91BC942}") = "TestThreadsCore", "TestWrapper\TestThreadsCore.vcproj", "{85D466AE-A525-4823-879F-0B169BD35E2C}"
EndProject
Project("{8BC9CEB8-8B4A-11D0-8D11-00A0C91BC942}") = "TestWrapper", "TestWrapper\TestWrapper.vcproj", "{A5ACC7E8-0E46-4FEC-A2EE-EB4307D01D81}"
EndProject
Project("{8BC9CEB8-8B4A-11D0-8D11-00A0C91BC942}") = "TestWrapperCore", "TestWrapper\TestWrapperCore.vcproj", "{0701197B-AC10-4CF2-BDA4-926CAF1ED4AC}"
EndProject
Project("{8BC9CEB8-8B4A-11D0-8D11-00A0C91BC942}") = "TestTools", "TestWrapper\TestTools.vcproj", "{F823BB25-5664-4AB2-A23D-B378A3B6563B}"
EndProject
Project("{8BC9CEB8-8B4A-11D0-8D11-00A0C91BC942}") = "FixJDF", "TestWrapper\FixJDF.vcproj", "{402D30A1-70A5-4601-8604-3D4C2AE1F756}"
EndProject
Global
	GlobalSection(SourceCodeControl) = preSolution
		SccNumberOfProjects = 17
		SccProjectUniqueName0 = TestWrapper\\AddJDF.vcproj
		SccProjectName0 = AddJDF
		SccLocalPath0 = TestWrapper
		SccProvider0 = MSSCCI:ClearCase
		CanCheckoutShared = false
		SccProjectUniqueName1 = TestWrapper\\BookJDF.vcproj
		SccProjectName1 = BookJDF
		SccLocalPath1 = TestWrapper
		SccProvider1 = MSSCCI:ClearCase
		CanCheckoutShared = false
		SccProjectUniqueName2 = TestWrapper\\CheckJDF.vcproj
		SccProjectName2 = CheckJDF
		SccLocalPath2 = TestWrapper
		SccProvider2 = MSSCCI:ClearCase
		CanCheckoutShared = false
		SccProjectUniqueName3 = TestWrapper\\EatJDF.vcproj
		SccProjectName3 = EatJDF
		SccLocalPath3 = TestWrapper
		SccProvider3 = MSSCCI:ClearCase
		CanCheckoutShared = false
		SccProjectUniqueName4 = TestWrapper\\JDFExample.vcproj
		SccProjectName4 = JDFExample
		SccLocalPath4 = TestWrapper
		SccProvider4 = MSSCCI:ClearCase
		CanCheckoutShared = false
		SccProjectUniqueName5 = TestWrapper\\JDFMessenger.vcproj
		SccProjectName5 = JDFMessenger
		SccLocalPath5 = TestWrapper
		SccProvider5 = MSSCCI:ClearCase
		CanCheckoutShared = false
		SccProjectUniqueName6 = TestWrapper\\JDFSchema.vcproj
		SccProjectName6 = JDFSchema
		SccLocalPath6 = TestWrapper
		SccProvider6 = MSSCCI:ClearCase
		CanCheckoutShared = false
		SccProjectUniqueName7 = TestWrapper\\MergeJDF.vcproj
		SccProjectName7 = MergeJDF
		SccLocalPath7 = TestWrapper
		SccProvider7 = MSSCCI:ClearCase
		CanCheckoutShared = false
		SccProjectUniqueName8 = TestWrapper\\SpawnJDF.vcproj
		SccProjectName8 = SpawnJDF
		SccLocalPath8 = TestWrapper
		SccProvider8 = MSSCCI:ClearCase
		CanCheckoutShared = false
		SccProjectUniqueName9 = TestWrapper\\SpecJDF.vcproj
		SccProjectName9 = SpecJDF
		SccLocalPath9 = TestWrapper
		SccProvider9 = MSSCCI:ClearCase
		CanCheckoutShared = false
		SccProjectUniqueName10 = TestWrapper\\TestJDFState.vcproj
		SccProjectName10 = TestJDFState
		SccLocalPath10 = TestWrapper
		SccProvider10 = MSSCCI:ClearCase
		CanCheckoutShared = false
		SccProjectUniqueName11 = TestWrapper\\TestThreads.vcproj
		SccProjectName11 = TestThreads
		SccLocalPath11 = TestWrapper
		SccProvider11 = MSSCCI:ClearCase
		CanCheckoutShared = false
		SccProjectUniqueName12 = TestWrapper\\TestThreadsCore.vcproj
		SccProjectName12 = TestThreadsCore
		SccLocalPath12 = TestWrapper
		SccProvider12 = MSSCCI:ClearCase
		CanCheckoutShared = false
		SccProjectUniqueName13 = TestWrapper\\TestWrapper.vcproj
		SccProjectName13 = TestWrapper
		SccLocalPath13 = TestWrapper
		SccProvider13 = MSSCCI:ClearCase
		CanCheckoutShared = false
		SccProjectUniqueName14 = TestWrapper\\TestWrapperCore.vcproj
		SccProjectName14 = TestWrapperCore
		SccLocalPath14 = TestWrapper
		SccProvider14 = MSSCCI:ClearCase
		CanCheckoutShared = false
		SccProjectUniqueName15 = TestWrapper\\TestTools.vcproj
		SccProjectName15 = TestWrapperCore
		SccLocalPath15 = TestWrapper
		SccProvider15 = MSSCCI:ClearCase
		CanCheckoutShared = false
		SccProjectUniqueName16 = TestWrapper\\FixJDF.vcproj
		SccProjectName16 = FixJDF
		SccLocalPath16 = TestWrapper
		SccProvider16 = MSSCCI:ClearCase
		CanCheckoutShared = false
	EndGlobalSection
	GlobalSection(SolutionConfigurationPlatforms) = preSolution
		Debug DLL|Win32 = Debug DLL|Win32
		Debug|Win32 = Debug|Win32
		Release DLL|Win32 = Release DLL|Win32
		Release|Win32 = Release|Win32
	EndGlobalSection
	GlobalSection(ProjectConfigurationPlatforms) = postSolution
		{FABA807F-8934-4AF5-AE8F-AEB5604775D9}.Debug DLL|Win32.ActiveCfg = Debug DLL|Win32
		{FABA807F-8934-4AF5-AE8F-AEB5604775D9}.Debug DLL|Win32.Build.0 = Debug DLL|Win32
		{FABA807F-8934-4AF5-AE8F-AEB5604775D9}.Debug|Win32.ActiveCfg = Debug|Win32
		{FABA807F-8934-4AF5-AE8F-AEB5604775D9}.Debug|Win32.Build.0 = Debug|Win32
		{FABA807F-8934-4AF5-AE8F-AEB5604775D9}.Release DLL|Win32.ActiveCfg = Release DLL|Win32
		{FABA807F-8934-4AF5-AE8F-AEB5604775D9}.Release DLL|Win32.Build.0 = Release DLL|Win32
		{FABA807F-8934-4AF5-AE8F-AEB5604775D9}.Release|Win32.ActiveCfg = Release|Win32
		{FABA807F-8934-4AF5-AE8F-AEB5604775D9}.Release|Win32.Build.0 = Release|Win32
		{64F0F0E3-A866-45F5-B53C-42F545DC058F}.Debug DLL|Win32.ActiveCfg = Debug DLL|Win32
		{64F0F0E3-A866-45F5-B53C-42F545DC058F}.Debug DLL|Win32.Build.0 = Debug DLL|Win32
		{64F0F0E3-A866-45F5-B53C-42F545DC058F}.Debug|Win32.ActiveCfg = Debug|Win32
		{64F0F0E3-A866-45F5-B53C-42F545DC058F}.Debug|Win32.Build.0 = Debug|Win32
		{64F0F0E3-A866-45F5-B53C-42F545DC058F}.Release DLL|Win32.ActiveCfg = Release DLL|Win32
		{64F0F0E3-A866-45F5-B53C-42F545DC058F}.Release DLL|Win32.Build.0 = Release DLL|Win32
		{64F0F0E3-A866-45F5-B53C-42F545DC058F}.Release|Win32.ActiveCfg = Release|Win32
		{64F0F0E3-A866-45F5-B53C-42F545DC058F}.Release|Win32.Build.0 = Release|Win32
		{716A6940-4070-4E7A-82BD-C3E89D9866FE}.Debug DLL|Win32.ActiveCfg = Debug DLL|Win32
		{716A6940-4070-4E7A-82BD-C3E89D9866FE}.Debug DLL|Win32.Build.0 = Debug DLL|Win32
		{716A6940-4070-4E7A-82BD-C3E89D9866FE}.Debug|Win32.ActiveCfg = Debug|Win32
		{716A6940-4070-4E7A-82BD-C3E89D9866FE}.Debug|Win32.Build.0 = Debug|Win32
		{716A6940-4070-4E7A-82BD-C3E89D9866FE}.Release DLL|Win32.ActiveCfg = Release DLL|Win32
		{716A6940-4070-4E7A-82BD-C3E89D9866FE}.Release DLL|Win32.Build.0 = Release DLL|Win32
		{716A6940-4070-4E7A-82BD-C3E89D9866FE}.Release|Win32.ActiveCfg = Release|Win32
		{716A6940-4070-4E7A-82BD-C3E89D9866FE}.Release|Win32.Build.0 = Release|Win32
		{0E4CF2F5-BB7A-4603-ADF4-A6E335B3111B}.Debug DLL|Win32.ActiveCfg = Debug DLL|Win32
		{0E4CF2F5-BB7A-4603-ADF4-A6E335B3111B}.Debug DLL|Win32.Build.0 = Debug DLL|Win32
		{0E4CF2F5-BB7A-4603-ADF4-A6E335B3111B}.Debug|Win32.ActiveCfg = Debug|Win32
		{0E4CF2F5-BB7A-4603-ADF4-A6E335B3111B}.Debug|Win32.Build.0 = Debug|Win32
		{0E4CF2F5-BB7A-4603-ADF4-A6E335B3111B}.Release DLL|Win32.ActiveCfg = Release DLL|Win32
		{0E4CF2F5-BB7A-4603-ADF4-A6E335B3111B}.Release DLL|Win32.Build.0 = Release DLL|Win32
		{0E4CF2F5-BB7A-4603-ADF4-A6E335B3111B}.Release|Win32.ActiveCfg = Release|Win32
		{0E4CF2F5-BB7A-4603-ADF4-A6E335B3111B}.Release|Win32.Build.0 = Release|Win32
		{00659D2C-2D7B-4AC3-A279-D2EE06416D16}.Debug DLL|Win32.ActiveCfg = Debug DLL|Win32
		{00659D2C-2D7B-4AC3-A279-D2EE06416D16}.Debug DLL|Win32.Build.0 = Debug DLL|Win32
		{00659D2C-2D7B-4AC3-A279-D2EE06416D16}.Debug|Win32.ActiveCfg = Debug|Win32
		{00659D2C-2D7B-4AC3-A279-D2EE06416D16}.Debug|Win32.Build.0 = Debug|Win32
		{00659D2C-2D7B-4AC3-A279-D2EE06416D16}.Release DLL|Win32.ActiveCfg = Release DLL|Win32
		{00659D2C-2D7B-4AC3-A279-D2EE06416D16}.Release DLL|Win32.Build.0 = Release DLL|Win32
		{00659D2C-2D7B-4AC3-A279-D2EE06416D16}.Release|Win32.ActiveCfg = Release|Win32
		{00659D2C-2D7B-4AC3-A279-D2EE06416D16}.Release|Win32.Build.0 = Release|Win32
		{1F4AB20C-FE32-4CC8-89B9-86D4B19E3CA5}.Debug DLL|Win32.ActiveCfg = Debug DLL|Win32
		{1F4AB20C-FE32-4CC8-89B9-86D4B19E3CA5}.Debug DLL|Win32.Build.0 = Debug DLL|Win32
		{1F4AB20C-FE32-4CC8-89B9-86D4B19E3CA5}.Debug|Win32.ActiveCfg = Debug|Win32
		{1F4AB20C-FE32-4CC8-89B9-86D4B19E3CA5}.Debug|Win32.Build.0 = Debug|Win32
		{1F4AB20C-FE32-4CC8-89B9-86D4B19E3CA5}.Release DLL|Win32.ActiveCfg = Release DLL|Win32
		{1F4AB20C-FE32-4CC8-89B9-86D4B19E3CA5}.Release DLL|Win32.Build.0 = Release DLL|Win32
		{1F4AB20C-FE32-4CC8-89B9-86D4B19E3CA5}.Release|Win32.ActiveCfg = Release|Win32
		{1F4AB20C-FE32-4CC8-89B9-86D4B19E3CA5}.Release|Win32.Build.0 = Release|Win32
		{3F8BCF62-585F-4913-AD81-876F3430DBD4}.Debug DLL|Win32.ActiveCfg = Debug DLL|Win32
		{3F8BCF62-585F-4913-AD81-876F3430DBD4}.Debug DLL|Win32.Build.0 = Debug DLL|Win32
		{3F8BCF62-585F-4913-AD81-876F3430DBD4}.Debug|Win32.ActiveCfg = Debug|Win32
		{3F8BCF62-585F-4913-AD81-876F3430DBD4}.Debug|Win32.Build.0 = Debug|Win32
		{3F8BCF62-585F-4913-AD81-876F3430DBD4}.Release DLL|Win32.ActiveCfg = Release DLL|Win32
		{3F8BCF62-585F-4913-AD81-876F3430DBD4}.Release DLL|Win32.Build.0 = Release DLL|Win32
		{3F8BCF62-585F-4913-AD81-876F3430DBD4}.Release|Win32.ActiveCfg = Release|Win32
		{3F8BCF62-585F-4913-AD81-876F3430DBD4}.Release|Win32.Build.0 = Release|Win32
		{B39ECC73-2B24-4366-B9A7-0709BCFB6551}.Debug DLL|Win32.ActiveCfg = Debug DLL|Win32
		{B39ECC73-2B24-4366-B9A7-0709BCFB6551}.Debug DLL|Win32.Build.0 = Debug DLL|Win32
		{B39ECC73-2B24-4366-B9A7-0709BCFB6551}.Debug|Win32.ActiveCfg = Debug|Win32
		{B39ECC73-2B24-4366-B9A7-0709BCFB6551}.Debug|Win32.Build.0 = Debug|Win32
		{B39ECC73-2B24-4366-B9A7-0709BCFB6551}.Release DLL|Win32.ActiveCfg = Release DLL|Win32
		{B39ECC73-2B24-4366-B9A7-0709BCFB6551}.Release DLL|Win32.Build.0 = Release DLL|Win32
		{B39ECC73-2B24-4366-B9A7-0709BCFB6551}.Release|Win32.ActiveCfg = Release|Win32
		{B39ECC73-2B24-4366-B9A7-0709BCFB6551}.Release|Win32.Build.0 = Release|Win32
		{26899314-3F62-4C37-BE23-23A8BF1CF33D}.Debug DLL|Win32.ActiveCfg = Debug DLL|Win32
		{26899314-3F62-4C37-BE23-23A8BF1CF33D}.Debug DLL|Win32.Build.0 = Debug DLL|Win32
		{26899314-3F62-4C37-BE23-23A8BF1CF33D}.Debug|Win32.ActiveCfg = Debug|Win32
		{26899314-3F62-4C37-BE23-23A8BF1CF33D}.Debug|Win32.Build.0 = Debug|Win32
		{26899314-3F62-4C37-BE23-23A8BF1CF33D}.Release DLL|Win32.ActiveCfg = Release DLL|Win32
		{26899314-3F62-4C37-BE23-23A8BF1CF33D}.Release DLL|Win32.Build.0 = Release DLL|Win32
		{26899314-3F62-4C37-BE23-23A8BF1CF33D}.Release|Win32.ActiveCfg = Release|Win32
		{26899314-3F62-4C37-BE23-23A8BF1CF33D}.Release|Win32.Build.0 = Release|Win32
		{6B30CBA5-2430-4491-A1E8-B28A83192119}.Debug DLL|Win32.ActiveCfg = Debug DLL|Win32
		{6B30CBA5-2430-4491-A1E8-B28A83192119}.Debug DLL|Win32.Build.0 = Debug DLL|Win32
		{6B30CBA5-2430-4491-A1E8-B28A83192119}.Debug|Win32.ActiveCfg = Debug|Win32
		{6B30CBA5-2430-4491-A1E8-B28A83192119}.Debug|Win32.Build.0 = Debug|Win32
		{6B30CBA5-2430-4491-A1E8-B28A83192119}.Release DLL|Win32.ActiveCfg = Release DLL|Win32
		{6B30CBA5-2430-4491-A1E8-B28A83192119}.Release DLL|Win32.Build.0 = Release DLL|Win32
		{6B30CBA5-2430-4491-A1E8-B28A83192119}.Release|Win32.ActiveCfg = Release|Win32
		{6B30CBA5-2430-4491-A1E8-B28A83192119}.Release|Win32.Build.0 = Release|Win32
		{B9EE35C7-FC06-48F1-B5EF-6A61914CE502}.Debug DLL|Win32.ActiveCfg = Debug DLL|Win32
		{B9EE35C7-FC06-48F1-B5EF-6A61914CE502}.Debug DLL|Win32.Build.0 = Debug DLL|Win32
		{B9EE35C7-FC06-48F1-B5EF-6A61914CE502}.Debug|Win32.ActiveCfg = Debug|Win32
		{B9EE35C7-FC06-48F1-B5EF-6A61914CE502}.Debug|Win32.Build.0 = Debug|Win32
		{B9EE35C7-FC06-48F1-B5EF-6A61914CE502}.Release DLL|Win32.ActiveCfg = Release DLL|Win32
		{B9EE35C7-FC06-48F1-B5EF-6A61914CE502}.Release DLL|Win32.Build.0 = Release DLL|Win32
		{B9EE35C7-FC06-48F1-B5EF-6A61914CE502}.Release|Win32.ActiveCfg = Release|Win32
		{B9EE35C7-FC06-48F1-B5EF-6A61914CE502}.Release|Win32.Build.0 = Release|Win32
		{BEE0C254-3BB7-47A0-81A4-DA714C3DA2A6}.Debug DLL|Win32.ActiveCfg = Debug DLL|Win32
		{BEE0C254-3BB7-47A0-81A4-DA714C3DA2A6}.Debug DLL|Win32.Build.0 = Debug DLL|Win32
		{BEE0C254-3BB7-47A0-81A4-DA714C3DA2A6}.Debug|Win32.ActiveCfg = Debug|Win32
		{BEE0C254-3BB7-47A0-81A4-DA714C3DA2A6}.Debug|Win32.Build.0 = Debug|Win32
		{BEE0C254-3BB7-47A0-81A4-DA714C3DA2A6}.Release DLL|Win32.ActiveCfg = Release DLL|Win32
		{BEE0C254-3BB7-47A0-81A4-DA714C3DA2A6}.Release DLL|Win32.Build.0 = Release DLL|Win32
		{BEE0C254-3BB7-47A0-81A4-DA714C3DA2A6}.Release|Win32.ActiveCfg = Release|Win32
		{BEE0C254-3BB7-47A0-81A4-DA714C3DA2A6}.Release|Win32.Build.0 = Release|Win32
		{85D466AE-A525-4823-879F-0B169BD35E2C}.Debug DLL|Win32.ActiveCfg = Debug DLL|Win32
		{85D466AE-A525-4823-879F-0B169BD35E2C}.Debug DLL|Win32.Build.0 = Debug DLL|Win32
		{85D466AE-A525-4823-879F-0B169BD35E2C}.Debug|Win32.ActiveCfg = Debug|Win32
		{85D466AE-A525-4823-879F-0B169BD35E2C}.Debug|Win32.Build.0 = Debug|Win32
		{85D466AE-A525-4823-879F-0B169BD35E2C}.Release DLL|Win32.ActiveCfg = Release DLL|Win32
		{85D466AE-A525-4823-879F-0B169BD35E2C}.Release DLL|Win32.Build.0 = Release DLL|Win32
		{85D466AE-A525-4823-879F-0B169BD35E2C}.Release|Win32.ActiveCfg = Release|Win32
		{85D466AE-A525-4823-879F-0B169BD35E2C}.Release|Win32.Build.0 = Release|Win32
		{A5ACC7E8-0E46-4FEC-A2EE-EB4307D01D81}.Debug DLL|Win32.ActiveCfg = Debug DLL|Win32
		{A5ACC7E8-0E46-4FEC-A2EE-EB4307D01D81}.Debug DLL|Win32.Build.0 = Debug DLL|Win32
		{A5ACC7E8-0E46-4FEC-A2EE-EB4307D01D81}.Debug|Win32.ActiveCfg = Debug|Win32
		{A5ACC7E8-0E46-4FEC-A2EE-EB4307D01D81}.Debug|Win32.Build.0 = Debug|Win32
		{A5ACC7E8-0E46-4FEC-A2EE-EB4307D01D81}.Release DLL|Win32.ActiveCfg = Release DLL|Win32
		{A5ACC7E8-0E46-4FEC-A2EE-EB4307D01D81}.Release DLL|Win32.Build.0 = Release DLL|Win32
		{A5ACC7E8-0E46-4FEC-A2EE-EB4307D01D81}.Release|Win32.ActiveCfg = Release|Win32
		{A5ACC7E8-0E46-4FEC-A2EE-EB4307D01D81}.Release|Win32.Build.0 = Release|Win32
		{0701197B-AC10-4CF2-BDA4-926CAF1ED4AC}.Debug DLL|Win32.ActiveCfg = Debug DLL|Win32
		{0701197B-AC10-4CF2-BDA4-926CAF1ED4AC}.Debug DLL|Win32.Build.0 = Debug DLL|Win32
		{0701197B-AC10-4CF2-BDA4-926CAF1ED4AC}.Debug|Win32.ActiveCfg = Debug|Win32
		{0701197B-AC10-4CF2-BDA4-926CAF1ED4AC}.Debug|Win32.Build.0 = Debug|Win32
		{0701197B-AC10-4CF2-BDA4-926CAF1ED4AC}.Release DLL|Win32.ActiveCfg = Release DLL|Win32
		{0701197B-AC10-4CF2-BDA4-926CAF1ED4AC}.Release DLL|Win32.Build.0 = Release DLL|Win32
		{0701197B-AC10-4CF2-BDA4-926CAF1ED4AC}.Release|Win32.ActiveCfg = Release|Win32
		{0701197B-AC10-4CF2-BDA4-926CAF1ED4AC}.Release|Win32.Build.0 = Release|Win32
		{F823BB25-5664-4AB2-A23D-B378A3B6563B}.Debug DLL|Win32.ActiveCfg = Debug DLL|Win32
		{F823BB25-5664-4AB2-A23D-B378A3B6563B}.Debug DLL|Win32.Build.0 = Debug DLL|Win32
		{F823BB25-5664-4AB2-A23D-B378A3B6563B}.Debug|Win32.ActiveCfg = Debug|Win32
		{F823BB25-5664-4AB2-A23D-B378A3B6563B}.Debug|Win32.Build.0 = Debug|Win32
		{F823BB25-5664-4AB2-A23D-B378A3B6563B}.Release DLL|Win32.ActiveCfg = Release DLL|Win32
		{F823BB25-5664-4AB2-A23D-B378A3B6563B}.Release DLL|Win32.Build.0 = Release DLL|Win32
		{F823BB25-5664-4AB2-A23D-B378A3B6563B}.Release|Win32.ActiveCfg = Release|Win32
		{F823BB25-5664-4AB2-A23D-B378A3B6563B}.Release|Win32.Build.0 = Release|Win32
		{402D30A1-70A5-4601-8604-3D4C2AE1F756}.Debug DLL|Win32.ActiveCfg = Debug DLL|Win32
		{402D30A1-70A5-4601-8604-3D4C2AE1F756}.Debug DLL|Win32.Build.0 = Debug DLL|Win32
		{402D30A1-70A5-4601-8604-3D4C2AE1F756}.Debug|Win32.ActiveCfg = Debug|Win32
		{402D30A1-70A5-4601-8604-3D4C2AE1F756}.Debug|Win32.Build.0 = Debug|Win32
		{402D30A1-70A5-4601-8604-3D4C2AE1F756}.Release DLL|Win32.ActiveCfg = Release DLL|Win32
		{402D30A1-70A5-4601-8604-3D4C2AE1F756}.Release DLL|Win32.Build.0 = Release DLL|Win32
		{402D30A1-70A5-4601-8604-3D4C2AE1F756}.Release|Win32.ActiveCfg = Release|Win32
		{402D30A1-70A5-4601-8604-3D4C2AE1F756}.Release|Win32.Build.0 = Release|Win32
	EndGlobalSection
	GlobalSection(SolutionProperties) = preSolution
		HideSolutionNode = FALSE
	EndGlobalSection
EndGlobal
