Microsoft Visual Studio Solution File, Format Version 9.00
# Visual Studio 2005
Project("{2150E333-8FDC-42A3-9474-1A3956D46DE8}") = "Solution Items", "Solution Items", "{917840A5-E756-4808-9AC3-53321D135F93}"
EndProject
Project("{8BC9CEB8-8B4A-11D0-8D11-00A0C91BC942}") = "AtomicTest", "UnitTests\AtomicTest.vcproj", "{7862B83D-1C88-4530-8EF9-75B7ACF5245B}"
EndProject
Project("{8BC9CEB8-8B4A-11D0-8D11-00A0C91BC942}") = "JDFCoreTests", "UnitTests\JDFCoreTests.vcproj", "{F5D6755C-37BE-4D04-A045-AED1DF8BED47}"
EndProject
Project("{8BC9CEB8-8B4A-11D0-8D11-00A0C91BC942}") = "JDFDataTypesTest", "UnitTests\JDFDataTypesTest.vcproj", "{C315B709-8672-4502-AA1B-20BA0F812346}"
EndProject
Project("{8BC9CEB8-8B4A-11D0-8D11-00A0C91BC942}") = "JDFDeviceCapTest", "UnitTests\JDFDeviceCapTest.vcproj", "{F719D6A4-81AB-4729-98F2-9512827FC21A}"
EndProject
Project("{8BC9CEB8-8B4A-11D0-8D11-00A0C91BC942}") = "JDFJMFTests", "UnitTests\JDFJMFTests.vcproj", "{F941E3DB-F66E-4550-9EAF-4C3FFB97E84B}"
EndProject
Project("{8BC9CEB8-8B4A-11D0-8D11-00A0C91BC942}") = "JDFNodeTests", "UnitTests\JDFNodeTests.vcproj", "{4FC2A5F1-51A0-4C65-9A7D-F0772EA039FF}"
EndProject
Project("{8BC9CEB8-8B4A-11D0-8D11-00A0C91BC942}") = "JDFPoolTest", "UnitTests\JDFPoolTest.vcproj", "{73ECA3FA-281C-4A73-A46D-7590BDB232D0}"
EndProject
Project("{8BC9CEB8-8B4A-11D0-8D11-00A0C91BC942}") = "JDFResourceProcessTests", "UnitTests\JDFResourceProcessTests.vcproj", "{6779E5D5-424C-49DE-8844-33F0C46C293C}"
EndProject
Project("{8BC9CEB8-8B4A-11D0-8D11-00A0C91BC942}") = "JDFResourceTests", "UnitTests\JDFResourceTests.vcproj", "{F56DF1BA-C5EA-49F9-BBA1-DFA1CF3F6649}"
EndProject
Project("{8BC9CEB8-8B4A-11D0-8D11-00A0C91BC942}") = "JDFUtilTests", "UnitTests\JDFUtilTests.vcproj", "{794DBFDE-991F-422B-8B63-FE9CEBBCFE45}"
EndProject
Project("{8BC9CEB8-8B4A-11D0-8D11-00A0C91BC942}") = "1runAllUnitTests", "UnitTests\runAllUnitTests.vcproj", "{1FEB8E71-2729-44CA-9F53-7E6E650B7393}"
EndProject
Global
	GlobalSection(SolutionConfigurationPlatforms) = preSolution
		Debug DLL|Win32 = Debug DLL|Win32
		Debug|Win32 = Debug|Win32
		Release DLL|Win32 = Release DLL|Win32
		Release|Win32 = Release|Win32
	EndGlobalSection
	GlobalSection(ProjectConfigurationPlatforms) = postSolution
		{7862B83D-1C88-4530-8EF9-75B7ACF5245B}.Debug DLL|Win32.ActiveCfg = Debug DLL|Win32
		{7862B83D-1C88-4530-8EF9-75B7ACF5245B}.Debug DLL|Win32.Build.0 = Debug DLL|Win32
		{7862B83D-1C88-4530-8EF9-75B7ACF5245B}.Debug|Win32.ActiveCfg = Debug|Win32
		{7862B83D-1C88-4530-8EF9-75B7ACF5245B}.Debug|Win32.Build.0 = Debug|Win32
		{7862B83D-1C88-4530-8EF9-75B7ACF5245B}.Release DLL|Win32.ActiveCfg = Release DLL|Win32
		{7862B83D-1C88-4530-8EF9-75B7ACF5245B}.Release DLL|Win32.Build.0 = Release DLL|Win32
		{7862B83D-1C88-4530-8EF9-75B7ACF5245B}.Release|Win32.ActiveCfg = Release|Win32
		{7862B83D-1C88-4530-8EF9-75B7ACF5245B}.Release|Win32.Build.0 = Release|Win32
		{F5D6755C-37BE-4D04-A045-AED1DF8BED47}.Debug DLL|Win32.ActiveCfg = Debug DLL|Win32
		{F5D6755C-37BE-4D04-A045-AED1DF8BED47}.Debug DLL|Win32.Build.0 = Debug DLL|Win32
		{F5D6755C-37BE-4D04-A045-AED1DF8BED47}.Debug|Win32.ActiveCfg = Debug|Win32
		{F5D6755C-37BE-4D04-A045-AED1DF8BED47}.Debug|Win32.Build.0 = Debug|Win32
		{F5D6755C-37BE-4D04-A045-AED1DF8BED47}.Release DLL|Win32.ActiveCfg = Release DLL|Win32
		{F5D6755C-37BE-4D04-A045-AED1DF8BED47}.Release DLL|Win32.Build.0 = Release DLL|Win32
		{F5D6755C-37BE-4D04-A045-AED1DF8BED47}.Release|Win32.ActiveCfg = Release|Win32
		{F5D6755C-37BE-4D04-A045-AED1DF8BED47}.Release|Win32.Build.0 = Release|Win32
		{C315B709-8672-4502-AA1B-20BA0F812346}.Debug DLL|Win32.ActiveCfg = Debug DLL|Win32
		{C315B709-8672-4502-AA1B-20BA0F812346}.Debug DLL|Win32.Build.0 = Debug DLL|Win32
		{C315B709-8672-4502-AA1B-20BA0F812346}.Debug|Win32.ActiveCfg = Debug|Win32
		{C315B709-8672-4502-AA1B-20BA0F812346}.Debug|Win32.Build.0 = Debug|Win32
		{C315B709-8672-4502-AA1B-20BA0F812346}.Release DLL|Win32.ActiveCfg = Release DLL|Win32
		{C315B709-8672-4502-AA1B-20BA0F812346}.Release DLL|Win32.Build.0 = Release DLL|Win32
		{C315B709-8672-4502-AA1B-20BA0F812346}.Release|Win32.ActiveCfg = Release|Win32
		{C315B709-8672-4502-AA1B-20BA0F812346}.Release|Win32.Build.0 = Release|Win32
		{F719D6A4-81AB-4729-98F2-9512827FC21A}.Debug DLL|Win32.ActiveCfg = Debug DLL|Win32
		{F719D6A4-81AB-4729-98F2-9512827FC21A}.Debug DLL|Win32.Build.0 = Debug DLL|Win32
		{F719D6A4-81AB-4729-98F2-9512827FC21A}.Debug|Win32.ActiveCfg = Debug|Win32
		{F719D6A4-81AB-4729-98F2-9512827FC21A}.Debug|Win32.Build.0 = Debug|Win32
		{F719D6A4-81AB-4729-98F2-9512827FC21A}.Release DLL|Win32.ActiveCfg = Release DLL|Win32
		{F719D6A4-81AB-4729-98F2-9512827FC21A}.Release DLL|Win32.Build.0 = Release DLL|Win32
		{F719D6A4-81AB-4729-98F2-9512827FC21A}.Release|Win32.ActiveCfg = Release|Win32
		{F719D6A4-81AB-4729-98F2-9512827FC21A}.Release|Win32.Build.0 = Release|Win32
		{F941E3DB-F66E-4550-9EAF-4C3FFB97E84B}.Debug DLL|Win32.ActiveCfg = Debug DLL|Win32
		{F941E3DB-F66E-4550-9EAF-4C3FFB97E84B}.Debug DLL|Win32.Build.0 = Debug DLL|Win32
		{F941E3DB-F66E-4550-9EAF-4C3FFB97E84B}.Debug|Win32.ActiveCfg = Debug|Win32
		{F941E3DB-F66E-4550-9EAF-4C3FFB97E84B}.Debug|Win32.Build.0 = Debug|Win32
		{F941E3DB-F66E-4550-9EAF-4C3FFB97E84B}.Release DLL|Win32.ActiveCfg = Release DLL|Win32
		{F941E3DB-F66E-4550-9EAF-4C3FFB97E84B}.Release DLL|Win32.Build.0 = Release DLL|Win32
		{F941E3DB-F66E-4550-9EAF-4C3FFB97E84B}.Release|Win32.ActiveCfg = Release|Win32
		{F941E3DB-F66E-4550-9EAF-4C3FFB97E84B}.Release|Win32.Build.0 = Release|Win32
		{4FC2A5F1-51A0-4C65-9A7D-F0772EA039FF}.Debug DLL|Win32.ActiveCfg = Debug DLL|Win32
		{4FC2A5F1-51A0-4C65-9A7D-F0772EA039FF}.Debug DLL|Win32.Build.0 = Debug DLL|Win32
		{4FC2A5F1-51A0-4C65-9A7D-F0772EA039FF}.Debug|Win32.ActiveCfg = Debug|Win32
		{4FC2A5F1-51A0-4C65-9A7D-F0772EA039FF}.Debug|Win32.Build.0 = Debug|Win32
		{4FC2A5F1-51A0-4C65-9A7D-F0772EA039FF}.Release DLL|Win32.ActiveCfg = Release DLL|Win32
		{4FC2A5F1-51A0-4C65-9A7D-F0772EA039FF}.Release DLL|Win32.Build.0 = Release DLL|Win32
		{4FC2A5F1-51A0-4C65-9A7D-F0772EA039FF}.Release|Win32.ActiveCfg = Release|Win32
		{4FC2A5F1-51A0-4C65-9A7D-F0772EA039FF}.Release|Win32.Build.0 = Release|Win32
		{73ECA3FA-281C-4A73-A46D-7590BDB232D0}.Debug DLL|Win32.ActiveCfg = Debug DLL|Win32
		{73ECA3FA-281C-4A73-A46D-7590BDB232D0}.Debug DLL|Win32.Build.0 = Debug DLL|Win32
		{73ECA3FA-281C-4A73-A46D-7590BDB232D0}.Debug|Win32.ActiveCfg = Debug|Win32
		{73ECA3FA-281C-4A73-A46D-7590BDB232D0}.Debug|Win32.Build.0 = Debug|Win32
		{73ECA3FA-281C-4A73-A46D-7590BDB232D0}.Release DLL|Win32.ActiveCfg = Release DLL|Win32
		{73ECA3FA-281C-4A73-A46D-7590BDB232D0}.Release DLL|Win32.Build.0 = Release DLL|Win32
		{73ECA3FA-281C-4A73-A46D-7590BDB232D0}.Release|Win32.ActiveCfg = Release|Win32
		{73ECA3FA-281C-4A73-A46D-7590BDB232D0}.Release|Win32.Build.0 = Release|Win32
		{6779E5D5-424C-49DE-8844-33F0C46C293C}.Debug DLL|Win32.ActiveCfg = Debug DLL|Win32
		{6779E5D5-424C-49DE-8844-33F0C46C293C}.Debug DLL|Win32.Build.0 = Debug DLL|Win32
		{6779E5D5-424C-49DE-8844-33F0C46C293C}.Debug|Win32.ActiveCfg = Debug|Win32
		{6779E5D5-424C-49DE-8844-33F0C46C293C}.Debug|Win32.Build.0 = Debug|Win32
		{6779E5D5-424C-49DE-8844-33F0C46C293C}.Release DLL|Win32.ActiveCfg = Release DLL|Win32
		{6779E5D5-424C-49DE-8844-33F0C46C293C}.Release DLL|Win32.Build.0 = Release DLL|Win32
		{6779E5D5-424C-49DE-8844-33F0C46C293C}.Release|Win32.ActiveCfg = Release|Win32
		{6779E5D5-424C-49DE-8844-33F0C46C293C}.Release|Win32.Build.0 = Release|Win32
		{F56DF1BA-C5EA-49F9-BBA1-DFA1CF3F6649}.Debug DLL|Win32.ActiveCfg = Debug DLL|Win32
		{F56DF1BA-C5EA-49F9-BBA1-DFA1CF3F6649}.Debug DLL|Win32.Build.0 = Debug DLL|Win32
		{F56DF1BA-C5EA-49F9-BBA1-DFA1CF3F6649}.Debug|Win32.ActiveCfg = Debug|Win32
		{F56DF1BA-C5EA-49F9-BBA1-DFA1CF3F6649}.Debug|Win32.Build.0 = Debug|Win32
		{F56DF1BA-C5EA-49F9-BBA1-DFA1CF3F6649}.Release DLL|Win32.ActiveCfg = Release DLL|Win32
		{F56DF1BA-C5EA-49F9-BBA1-DFA1CF3F6649}.Release DLL|Win32.Build.0 = Release DLL|Win32
		{F56DF1BA-C5EA-49F9-BBA1-DFA1CF3F6649}.Release|Win32.ActiveCfg = Release|Win32
		{F56DF1BA-C5EA-49F9-BBA1-DFA1CF3F6649}.Release|Win32.Build.0 = Release|Win32
		{794DBFDE-991F-422B-8B63-FE9CEBBCFE45}.Debug DLL|Win32.ActiveCfg = Debug DLL|Win32
		{794DBFDE-991F-422B-8B63-FE9CEBBCFE45}.Debug DLL|Win32.Build.0 = Debug DLL|Win32
		{794DBFDE-991F-422B-8B63-FE9CEBBCFE45}.Debug|Win32.ActiveCfg = Debug|Win32
		{794DBFDE-991F-422B-8B63-FE9CEBBCFE45}.Debug|Win32.Build.0 = Debug|Win32
		{794DBFDE-991F-422B-8B63-FE9CEBBCFE45}.Release DLL|Win32.ActiveCfg = Release DLL|Win32
		{794DBFDE-991F-422B-8B63-FE9CEBBCFE45}.Release DLL|Win32.Build.0 = Release DLL|Win32
		{794DBFDE-991F-422B-8B63-FE9CEBBCFE45}.Release|Win32.ActiveCfg = Release|Win32
		{794DBFDE-991F-422B-8B63-FE9CEBBCFE45}.Release|Win32.Build.0 = Release|Win32
		{1FEB8E71-2729-44CA-9F53-7E6E650B7393}.Debug DLL|Win32.ActiveCfg = Debug DLL|Win32
		{1FEB8E71-2729-44CA-9F53-7E6E650B7393}.Debug DLL|Win32.Build.0 = Debug DLL|Win32
		{1FEB8E71-2729-44CA-9F53-7E6E650B7393}.Debug|Win32.ActiveCfg = Debug|Win32
		{1FEB8E71-2729-44CA-9F53-7E6E650B7393}.Debug|Win32.Build.0 = Debug|Win32
		{1FEB8E71-2729-44CA-9F53-7E6E650B7393}.Release DLL|Win32.ActiveCfg = Release DLL|Win32
		{1FEB8E71-2729-44CA-9F53-7E6E650B7393}.Release DLL|Win32.Build.0 = Release DLL|Win32
		{1FEB8E71-2729-44CA-9F53-7E6E650B7393}.Release|Win32.ActiveCfg = Release|Win32
		{1FEB8E71-2729-44CA-9F53-7E6E650B7393}.Release|Win32.Build.0 = Release|Win32
	EndGlobalSection
	GlobalSection(SolutionProperties) = preSolution
		HideSolutionNode = FALSE
	EndGlobalSection
EndGlobal
